
Microsoft Visual Studio Solution File, Format Version 12.00
# Visual Studio 15
VisualStudioVersion = 15.0.28307.705
MinimumVisualStudioVersion = 10.0.40219.1
Project("{FAE04EC0-301F-11D3-BF4B-00C04F79EFBC}") = "COMP123-S2019-Lab10-301059969", "COMP123-S2019-Lab10-301059969\COMP123-S2019-Lab10-301059969.csproj", "{7161E985-16D1-4109-A44F-91CF08EC0025}"
EndProject
Global
	GlobalSection(SolutionConfigurationPlatforms) = preSolution
		Debug|Any CPU = Debug|Any CPU
		Release|Any CPU = Release|Any CPU
	EndGlobalSection
	GlobalSection(ProjectConfigurationPlatforms) = postSolution
		{7161E985-16D1-4109-A44F-91CF08EC0025}.Debug|Any CPU.ActiveCfg = Debug|Any CPU
		{7161E985-16D1-4109-A44F-91CF08EC0025}.Debug|Any CPU.Build.0 = Debug|Any CPU
		{7161E985-16D1-4109-A44F-91CF08EC0025}.Release|Any CPU.ActiveCfg = Release|Any CPU
		{7161E985-16D1-4109-A44F-91CF08EC0025}.Release|Any CPU.Build.0 = Release|Any CPU
	EndGlobalSection
	GlobalSection(SolutionProperties) = preSolution
		HideSolutionNode = FALSE
	EndGlobalSection
	GlobalSection(ExtensibilityGlobals) = postSolution
		SolutionGuid = {D727826D-80E2-4671-AA42-05A9D7A0C111}
	EndGlobalSection
EndGlobal
